PODS:
  - CocoaLumberjack/Core (3.5.2)
  - CocoaLumberjack/Swift (3.5.2):
    - CocoaLumberjack/Core
  - Cosmos (18.0.1)
  - Kingfisher (5.3.1)
  - ReusableKit (2.1.0):
    - ReusableKit/Core (= 2.1.0)
  - ReusableKit/Core (2.1.0)
  - RxCocoa (4.5.0):
    - RxSwift (>= 4.4.2, ~> 4.4)
  - RxSwift (4.5.0)
  - SnapKit (4.2.0)
  - Then (2.4.0)
  - Toaster (2.2.0)

DEPENDENCIES:
  - CocoaLumberjack/Swift
  - Cosmos (~> 18.0)
  - Kingfisher
  - ReusableKit
  - RxCocoa
  - RxSwift
  - SnapKit
  - Then
  - Toaster

SPEC REPOS:
  https://github.com/cocoapods/specs.git:
    - CocoaLumberjack
    - Cosmos
    - Kingfisher
    - ReusableKit
    - RxCocoa
    - RxSwift
    - SnapKit
    - Then
    - Toaster

SPEC CHECKSUMS:
  CocoaLumberjack: 118bf4a820efc641f79fa487b75ed928dccfae23
  Cosmos: 7dfaa3f52584ca5f94ab74b5c2e264019cc9f7f5
  Kingfisher: d9e7e0b209b59b8f9873aa2f37654e81a7beea51
  ReusableKit: d0b040de03b293288b0ca27a78602691d3346d9b
  RxCocoa: cbf70265dc65a981d4ac982e513c10cf23df24a0
  RxSwift: f172070dfd1a93d70a9ab97a5a01166206e1c575
  SnapKit: fe8a619752f3f27075cc9a90244d75c6c3f27e2a
  Then: 71866660c7af35a7343831f7668e7cd2b62ee0f2
  Toaster: c1a81b376edcc2470157b4d1ee1e9341d3b96455

PODFILE CHECKSUM: 83cc55a00628fe801ff2a98b2dd0a093ba9bc0ff

COCOAPODS: 1.5.3
